// !$*UTF8*$!
{
	archiveVersion = 1;
	classes = {
	};
	objectVersion = 56;
	objects = {

/* Begin PBXBuildFile section */
		291270392CE04ABB00C464E9 /* AudioKit in Frameworks */ = {isa = PBXBuildFile; productRef = 291270382CE04ABB00C464E9 /* AudioKit */; };
		47DEE5522C86F7AF00C371D6 /* Main.storyboard in Resources */ = {isa = PBXBuildFile; fileRef = 47DEE5512C86F7AF00C371D6 /* Main.storyboard */; };
		47DEE5562C870CA000C371D6 /* PaddedLabel.swift in Sources */ = {isa = PBXBuildFile; fileRef = 47DEE5552C870CA000C371D6 /* PaddedLabel.swift */; };
		47DEE5582C87235200C371D6 /* AudioManager.swift in Sources */ = {isa = PBXBuildFile; fileRef = 47DEE5572C87235200C371D6 /* AudioManager.swift */; };
		47DEE55A2C87241700C371D6 /* ChartManager.swift in Sources */ = {isa = PBXBuildFile; fileRef = 47DEE5592C87241700C371D6 /* ChartManager.swift */; };
		498A88482C0EF2E000C0B582 /* AppDelegate.swift in Sources */ = {isa = PBXBuildFile; fileRef = 498A88472C0EF2E000C0B582 /* AppDelegate.swift */; };
		498A884A2C0EF2E000C0B582 /* SceneDelegate.swift in Sources */ = {isa = PBXBuildFile; fileRef = 498A88492C0EF2E000C0B582 /* SceneDelegate.swift */; };
		498A884C2C0EF2E000C0B582 /* ViewController.swift in Sources */ = {isa = PBXBuildFile; fileRef = 498A884B2C0EF2E000C0B582 /* ViewController.swift */; };
		498A88512C0EF2E100C0B582 /* Assets.xcassets in Resources */ = {isa = PBXBuildFile; fileRef = 498A88502C0EF2E100C0B582 /* Assets.xcassets */; };
		498A88542C0EF2E100C0B582 /* LaunchScreen.storyboard in Resources */ = {isa = PBXBuildFile; fileRef = 498A88522C0EF2E100C0B582 /* LaunchScreen.storyboard */; };
		C7A059DAE2C857CB6734D53A /* Pods_AudioARMindfulness2.framework in Frameworks */ = {isa = PBXBuildFile; fileRef = D983252459D73C664134D8CE /* Pods_AudioARMindfulness2.framework */; };
/* End PBXBuildFile section */

/* Begin PBXFileReference section */
		47DEE5512C86F7AF00C371D6 /* Main.storyboard */ = {isa = PBXFileReference; lastKnownFileType = file.storyboard; path = Main.storyboard; sourceTree = "<group>"; };
		47DEE5552C870CA000C371D6 /* PaddedLabel.swift */ = {isa = PBXFileReference; lastKnownFileType = sourcecode.swift; path = PaddedLabel.swift; sourceTree = "<group>"; };
		47DEE5572C87235200C371D6 /* AudioManager.swift */ = {isa = PBXFileReference; lastKnownFileType = sourcecode.swift; path = AudioManager.swift; sourceTree = "<group>"; };
		47DEE5592C87241700C371D6 /* ChartManager.swift */ = {isa = PBXFileReference; lastKnownFileType = sourcecode.swift; path = ChartManager.swift; sourceTree = "<group>"; };
		498A88442C0EF2E000C0B582 /* AudioARMindfulness2.app */ = {isa = PBXFileReference; explicitFileType = wrapper.application; includeInIndex = 0; path = AudioARMindfulness2.app; sourceTree = BUILT_PRODUCTS_DIR; };
		498A88472C0EF2E000C0B582 /* AppDelegate.swift */ = {isa = PBXFileReference; lastKnownFileType = sourcecode.swift; path = AppDelegate.swift; sourceTree = "<group>"; };
		498A88492C0EF2E000C0B582 /* SceneDelegate.swift */ = {isa = PBXFileReference; lastKnownFileType = sourcecode.swift; path = SceneDelegate.swift; sourceTree = "<group>"; };
		498A884B2C0EF2E000C0B582 /* ViewController.swift */ = {isa = PBXFileReference; lastKnownFileType = sourcecode.swift; path = ViewController.swift; sourceTree = "<group>"; };
		498A88502C0EF2E100C0B582 /* Assets.xcassets */ = {isa = PBXFileReference; lastKnownFileType = folder.assetcatalog; path = Assets.xcassets; sourceTree = "<group>"; };
		498A88532C0EF2E100C0B582 /* Base */ = {isa = PBXFileReference; lastKnownFileType = file.storyboard; name = Base; path = Base.lproj/LaunchScreen.storyboard; sourceTree = "<group>"; };
		498A88552C0EF2E100C0B582 /* Info.plist */ = {isa = PBXFileReference; lastKnownFileType = text.plist.xml; path = Info.plist; sourceTree = "<group>"; };
		7093057EA5ED1C056E162DD3 /* Pods-AudioARMindfulness2.debug.xcconfig */ = {isa = PBXFileReference; includeInIndex = 1; lastKnownFileType = text.xcconfig; name = "Pods-AudioARMindfulness2.debug.xcconfig"; path = "Target Support Files/Pods-AudioARMindfulness2/Pods-AudioARMindfulness2.debug.xcconfig"; sourceTree = "<group>"; };
		7767FA0E198557900A881353 /* Pods-AudioARMindfulness2.release.xcconfig */ = {isa = PBXFileReference; includeInIndex = 1; lastKnownFileType = text.xcconfig; name = "Pods-AudioARMindfulness2.release.xcconfig"; path = "Target Support Files/Pods-AudioARMindfulness2/Pods-AudioARMindfulness2.release.xcconfig"; sourceTree = "<group>"; };
		D983252459D73C664134D8CE /* Pods_AudioARMindfulness2.framework */ = {isa = PBXFileReference; explicitFileType = wrapper.framework; includeInIndex = 0; path = Pods_AudioARMindfulness2.framework; sourceTree = BUILT_PRODUCTS_DIR; };
/* End PBXFileReference section */

/* Begin PBXFrameworksBuildPhase section */
		498A88412C0EF2E000C0B582 /* Frameworks */ = {
			isa = PBXFrameworksBuildPhase;
			buildActionMask = 2147483647;
			files = (
				291270392CE04ABB00C464E9 /* AudioKit in Frameworks */,
				C7A059DAE2C857CB6734D53A /* Pods_AudioARMindfulness2.framework in Frameworks */,
			);
			runOnlyForDeploymentPostprocessing = 0;
		};
/* End PBXFrameworksBuildPhase section */

/* Begin PBXGroup section */
		3D208268BE39C448BD1A4B5A /* Pods */ = {
			isa = PBXGroup;
			children = (
				7093057EA5ED1C056E162DD3 /* Pods-AudioARMindfulness2.debug.xcconfig */,
				7767FA0E198557900A881353 /* Pods-AudioARMindfulness2.release.xcconfig */,
			);
			path = Pods;
			sourceTree = "<group>";
		};
		498A883B2C0EF2E000C0B582 = {
			isa = PBXGroup;
			children = (
				498A88462C0EF2E000C0B582 /* AudioARMindfulness2 */,
				498A88452C0EF2E000C0B582 /* Products */,
				3D208268BE39C448BD1A4B5A /* Pods */,
				AEF953145E0E31C4A9E210E1 /* Frameworks */,
			);
			sourceTree = "<group>";
		};
		498A88452C0EF2E000C0B582 /* Products */ = {
			isa = PBXGroup;
			children = (
				498A88442C0EF2E000C0B582 /* AudioARMindfulness2.app */,
			);
			name = Products;
			sourceTree = "<group>";
		};
		498A88462C0EF2E000C0B582 /* AudioARMindfulness2 */ = {
			isa = PBXGroup;
			children = (
				498A88472C0EF2E000C0B582 /* AppDelegate.swift */,
				498A88492C0EF2E000C0B582 /* SceneDelegate.swift */,
				498A884B2C0EF2E000C0B582 /* ViewController.swift */,
				47DEE5572C87235200C371D6 /* AudioManager.swift */,
				47DEE5592C87241700C371D6 /* ChartManager.swift */,
				47DEE5552C870CA000C371D6 /* PaddedLabel.swift */,
				498A88502C0EF2E100C0B582 /* Assets.xcassets */,
				498A88522C0EF2E100C0B582 /* LaunchScreen.storyboard */,
				47DEE5512C86F7AF00C371D6 /* Main.storyboard */,
				498A88552C0EF2E100C0B582 /* Info.plist */,
			);
			path = AudioARMindfulness2;
			sourceTree = "<group>";
		};
		AEF953145E0E31C4A9E210E1 /* Frameworks */ = {
			isa = PBXGroup;
			children = (
				D983252459D73C664134D8CE /* Pods_AudioARMindfulness2.framework */,
			);
			name = Frameworks;
			sourceTree = "<group>";
		};
/* End PBXGroup section */

/* Begin PBXNativeTarget section */
		498A88432C0EF2E000C0B582 /* AudioARMindfulness2 */ = {
			isa = PBXNativeTarget;
			buildConfigurationList = 498A88582C0EF2E100C0B582 /* Build configuration list for PBXNativeTarget "AudioARMindfulness2" */;
			buildPhases = (
				3CAC984EA70963F9178595FC /* [CP] Check Pods Manifest.lock */,
				498A88402C0EF2E000C0B582 /* Sources */,
				498A88412C0EF2E000C0B582 /* Frameworks */,
				498A88422C0EF2E000C0B582 /* Resources */,
				B7AAF7636519BEEDC6700E3C /* [CP] Embed Pods Frameworks */,
			);
			buildRules = (
			);
			dependencies = (
			);
			name = AudioARMindfulness2;
			packageProductDependencies = (
				291270382CE04ABB00C464E9 /* AudioKit */,
			);
			productName = AudioARMindfulness2;
			productReference = 498A88442C0EF2E000C0B582 /* AudioARMindfulness2.app */;
			productType = "com.apple.product-type.application";
		};
/* End PBXNativeTarget section */

/* Begin PBXProject section */
		498A883C2C0EF2E000C0B582 /* Project object */ = {
			isa = PBXProject;
			attributes = {
				BuildIndependentTargetsInParallel = 1;
				LastSwiftUpdateCheck = 1420;
				LastUpgradeCheck = 1420;
				TargetAttributes = {
					498A88432C0EF2E000C0B582 = {
						CreatedOnToolsVersion = 14.2;
					};
				};
			};
			buildConfigurationList = 498A883F2C0EF2E000C0B582 /* Build configuration list for PBXProject "AudioARMindfulness2" */;
			compatibilityVersion = "Xcode 14.0";
			developmentRegion = en;
			hasScannedForEncodings = 0;
			knownRegions = (
				en,
				Base,
			);
			mainGroup = 498A883B2C0EF2E000C0B582;
			packageReferences = (
				291270372CE04ABB00C464E9 /* XCRemoteSwiftPackageReference "AudioKit" */,
			);
			productRefGroup = 498A88452C0EF2E000C0B582 /* Products */;
			projectDirPath = "";
			projectRoot = "";
			targets = (
				498A88432C0EF2E000C0B582 /* AudioARMindfulness2 */,
			);
		};
/* End PBXProject section */

/* Begin PBXResourcesBuildPhase section */
		498A88422C0EF2E000C0B582 /* Resources */ = {
			isa = PBXResourcesBuildPhase;
			buildActionMask = 2147483647;
			files = (
				47DEE5522C86F7AF00C371D6 /* Main.storyboard in Resources */,
				498A88542C0EF2E100C0B582 /* LaunchScreen.storyboard in Resources */,
				498A88512C0EF2E100C0B582 /* Assets.xcassets in Resources */,
			);
			runOnlyForDeploymentPostprocessing = 0;
		};
/* End PBXResourcesBuildPhase section */

/* Begin PBXShellScriptBuildPhase section */
		3CAC984EA70963F9178595FC /* [CP] Check Pods Manifest.lock */ = {
			isa = PBXShellScriptBuildPhase;
			buildActionMask = 2147483647;
			files = (
			);
			inputFileListPaths = (
			);
			inputPaths = (
				"${PODS_PODFILE_DIR_PATH}/Podfile.lock",
				"${PODS_ROOT}/Manifest.lock",
			);
			name = "[CP] Check Pods Manifest.lock";
			outputFileListPaths = (
			);
			outputPaths = (
				"$(DERIVED_FILE_DIR)/Pods-AudioARMindfulness2-checkManifestLockResult.txt",
			);
			runOnlyForDeploymentPostprocessing = 0;
			shellPath = /bin/sh;
			shellScript = "diff \"${PODS_PODFILE_DIR_PATH}/Podfile.lock\" \"${PODS_ROOT}/Manifest.lock\" > /dev/null\nif [ $? != 0 ] ; then\n    # print error to STDERR\n    echo \"error: The sandbox is not in sync with the Podfile.lock. Run 'pod install' or update your CocoaPods installation.\" >&2\n    exit 1\nfi\n# This output is used by Xcode 'outputs' to avoid re-running this script phase.\necho \"SUCCESS\" > \"${SCRIPT_OUTPUT_FILE_0}\"\n";
			showEnvVarsInLog = 0;
		};
		B7AAF7636519BEEDC6700E3C /* [CP] Embed Pods Frameworks */ = {
			isa = PBXShellScriptBuildPhase;
			buildActionMask = 2147483647;
			files = (
			);
			inputFileListPaths = (
				"${PODS_ROOT}/Target Support Files/Pods-AudioARMindfulness2/Pods-AudioARMindfulness2-frameworks-${CONFIGURATION}-input-files.xcfilelist",
			);
			name = "[CP] Embed Pods Frameworks";
			outputFileListPaths = (
				"${PODS_ROOT}/Target Support Files/Pods-AudioARMindfulness2/Pods-AudioARMindfulness2-frameworks-${CONFIGURATION}-output-files.xcfilelist",
			);
			runOnlyForDeploymentPostprocessing = 0;
			shellPath = /bin/sh;
			shellScript = "\"${PODS_ROOT}/Target Support Files/Pods-AudioARMindfulness2/Pods-AudioARMindfulness2-frameworks.sh\"\n";
			showEnvVarsInLog = 0;
		};
/* End PBXShellScriptBuildPhase section */

/* Begin PBXSourcesBuildPhase section */
		498A88402C0EF2E000C0B582 /* Sources */ = {
			isa = PBXSourcesBuildPhase;
			buildActionMask = 2147483647;
			files = (
				498A884C2C0EF2E000C0B582 /* ViewController.swift in Sources */,
				498A88482C0EF2E000C0B582 /* AppDelegate.swift in Sources */,
				47DEE55A2C87241700C371D6 /* ChartManager.swift in Sources */,
				47DEE5562C870CA000C371D6 /* PaddedLabel.swift in Sources */,
				47DEE5582C87235200C371D6 /* AudioManager.swift in Sources */,
				498A884A2C0EF2E000C0B582 /* SceneDelegate.swift in Sources */,
			);
			runOnlyForDeploymentPostprocessing = 0;
		};
/* End PBXSourcesBuildPhase section */

/* Begin PBXVariantGroup section */
		498A88522C0EF2E100C0B582 /* LaunchScreen.storyboard */ = {
			isa = PBXVariantGroup;
			children = (
				498A88532C0EF2E100C0B582 /* Base */,
			);
			name = LaunchScreen.storyboard;
			sourceTree = "<group>";
		};
/* End PBXVariantGroup section */

/* Begin XCBuildConfiguration section */
		498A88562C0EF2E100C0B582 /* Debug */ = {
			isa = XCBuildConfiguration;
			buildSettings = {
				ALWAYS_SEARCH_USER_PATHS = NO;
				CLANG_ANALYZER_NONNULL = YES;
				CLANG_ANALYZER_NUMBER_OBJECT_CONVERSION = YES_AGGRESSIVE;
				CLANG_CXX_LANGUAGE_STANDARD = "gnu++20";
				CLANG_ENABLE_MODULES = YES;
				CLANG_ENABLE_OBJC_ARC = YES;
				CLANG_ENABLE_OBJC_WEAK = YES;
				CLANG_WARN_BLOCK_CAPTURE_AUTORELEASING = YES;
				CLANG_WARN_BOOL_CONVERSION = YES;
				CLANG_WARN_COMMA = YES;
				CLANG_WARN_CONSTANT_CONVERSION = YES;
				CLANG_WARN_DEPRECATED_OBJC_IMPLEMENTATIONS = YES;
				CLANG_WARN_DIRECT_OBJC_ISA_USAGE = YES_ERROR;
				CLANG_WARN_DOCUMENTATION_COMMENTS = YES;
				CLANG_WARN_EMPTY_BODY = YES;
				CLANG_WARN_ENUM_CONVERSION = YES;
				CLANG_WARN_INFINITE_RECURSION = YES;
				CLANG_WARN_INT_CONVERSION = YES;
				CLANG_WARN_NON_LITERAL_NULL_CONVERSION = YES;
				CLANG_WARN_OBJC_IMPLICIT_RETAIN_SELF = YES;
				CLANG_WARN_OBJC_LITERAL_CONVERSION = YES;
				CLANG_WARN_OBJC_ROOT_CLASS = YES_ERROR;
				CLANG_WARN_QUOTED_INCLUDE_IN_FRAMEWORK_HEADER = YES;
				CLANG_WARN_RANGE_LOOP_ANALYSIS = YES;
				CLANG_WARN_STRICT_PROTOTYPES = YES;
				CLANG_WARN_SUSPICIOUS_MOVE = YES;
				CLANG_WARN_UNGUARDED_AVAILABILITY = YES_AGGRESSIVE;
				CLANG_WARN_UNREACHABLE_CODE = YES;
				CLANG_WARN__DUPLICATE_METHOD_MATCH = YES;
				COPY_PHASE_STRIP = NO;
				DEBUG_INFORMATION_FORMAT = dwarf;
				ENABLE_STRICT_OBJC_MSGSEND = YES;
				ENABLE_TESTABILITY = YES;
				GCC_C_LANGUAGE_STANDARD = gnu11;
				GCC_DYNAMIC_NO_PIC = NO;
				GCC_NO_COMMON_BLOCKS = YES;
				GCC_OPTIMIZATION_LEVEL = 0;
				GCC_PREPROCESSOR_DEFINITIONS = (
					"DEBUG=1",
					"$(inherited)",
				);
				GCC_WARN_64_TO_32_BIT_CONVERSION = YES;
				GCC_WARN_ABOUT_RETURN_TYPE = YES_ERROR;
				GCC_WARN_UNDECLARED_SELECTOR = YES;
				GCC_WARN_UNINITIALIZED_AUTOS = YES_AGGRESSIVE;
				GCC_WARN_UNUSED_FUNCTION = YES;
				GCC_WARN_UNUSED_VARIABLE = YES;
				IPHONEOS_DEPLOYMENT_TARGET = 16.2;
				MTL_ENABLE_DEBUG_INFO = INCLUDE_SOURCE;
				MTL_FAST_MATH = YES;
				ONLY_ACTIVE_ARCH = YES;
				SDKROOT = iphoneos;
				SWIFT_ACTIVE_COMPILATION_CONDITIONS = DEBUG;
				SWIFT_OPTIMIZATION_LEVEL = "-Onone";
			};
			name = Debug;
		};
		498A88572C0EF2E100C0B582 /* Release */ = {
			isa = XCBuildConfiguration;
			buildSettings = {
				ALWAYS_SEARCH_USER_PATHS = NO;
				CLANG_ANALYZER_NONNULL = YES;
				CLANG_ANALYZER_NUMBER_OBJECT_CONVERSION = YES_AGGRESSIVE;
				CLANG_CXX_LANGUAGE_STANDARD = "gnu++20";
				CLANG_ENABLE_MODULES = YES;
				CLANG_ENABLE_OBJC_ARC = YES;
				CLANG_ENABLE_OBJC_WEAK = YES;
				CLANG_WARN_BLOCK_CAPTURE_AUTORELEASING = YES;
				CLANG_WARN_BOOL_CONVERSION = YES;
				CLANG_WARN_COMMA = YES;
				CLANG_WARN_CONSTANT_CONVERSION = YES;
				CLANG_WARN_DEPRECATED_OBJC_IMPLEMENTATIONS = YES;
				CLANG_WARN_DIRECT_OBJC_ISA_USAGE = YES_ERROR;
				CLANG_WARN_DOCUMENTATION_COMMENTS = YES;
				CLANG_WARN_EMPTY_BODY = YES;
				CLANG_WARN_ENUM_CONVERSION = YES;
				CLANG_WARN_INFINITE_RECURSION = YES;
				CLANG_WARN_INT_CONVERSION = YES;
				CLANG_WARN_NON_LITERAL_NULL_CONVERSION = YES;
				CLANG_WARN_OBJC_IMPLICIT_RETAIN_SELF = YES;
				CLANG_WARN_OBJC_LITERAL_CONVERSION = YES;
				CLANG_WARN_OBJC_ROOT_CLASS = YES_ERROR;
				CLANG_WARN_QUOTED_INCLUDE_IN_FRAMEWORK_HEADER = YES;
				CLANG_WARN_RANGE_LOOP_ANALYSIS = YES;
				CLANG_WARN_STRICT_PROTOTYPES = YES;
				CLANG_WARN_SUSPICIOUS_MOVE = YES;
				CLANG_WARN_UNGUARDED_AVAILABILITY = YES_AGGRESSIVE;
				CLANG_WARN_UNREACHABLE_CODE = YES;
				CLANG_WARN__DUPLICATE_METHOD_MATCH = YES;
				COPY_PHASE_STRIP = NO;
				DEBUG_INFORMATION_FORMAT = "dwarf-with-dsym";
				ENABLE_NS_ASSERTIONS = NO;
				ENABLE_STRICT_OBJC_MSGSEND = YES;
				GCC_C_LANGUAGE_STANDARD = gnu11;
				GCC_NO_COMMON_BLOCKS = YES;
				GCC_WARN_64_TO_32_BIT_CONVERSION = YES;
				GCC_WARN_ABOUT_RETURN_TYPE = YES_ERROR;
				GCC_WARN_UNDECLARED_SELECTOR = YES;
				GCC_WARN_UNINITIALIZED_AUTOS = YES_AGGRESSIVE;
				GCC_WARN_UNUSED_FUNCTION = YES;
				GCC_WARN_UNUSED_VARIABLE = YES;
				IPHONEOS_DEPLOYMENT_TARGET = 16.2;
				MTL_ENABLE_DEBUG_INFO = NO;
				MTL_FAST_MATH = YES;
				SDKROOT = iphoneos;
				SWIFT_COMPILATION_MODE = wholemodule;
				SWIFT_OPTIMIZATION_LEVEL = "-O";
				VALIDATE_PRODUCT = YES;
			};
			name = Release;
		};
		498A88592C0EF2E100C0B582 /* Debug */ = {
			isa = XCBuildConfiguration;
			baseConfigurationReference = 7093057EA5ED1C056E162DD3 /* Pods-AudioARMindfulness2.debug.xcconfig */;
			buildSettings = {
				ASSETCATALOG_COMPILER_APPICON_NAME = AppIcon;
				ASSETCATALOG_COMPILER_GLOBAL_ACCENT_COLOR_NAME = AccentColor;
				CODE_SIGN_STYLE = Automatic;
				CURRENT_PROJECT_VERSION = 1;
				DEVELOPMENT_TEAM = MK9S3FS4ZQ;
				GENERATE_INFOPLIST_FILE = YES;
				INFOPLIST_FILE = AudioARMindfulness2/Info.plist;
				INFOPLIST_KEY_NSMicrophoneUsageDescription = "We need access to the microphone to capture and play audio in real time.";
				INFOPLIST_KEY_UIApplicationSupportsIndirectInputEvents = YES;
				INFOPLIST_KEY_UILaunchStoryboardName = LaunchScreen;
				INFOPLIST_KEY_UIMainStoryboardFile = Main;
				INFOPLIST_KEY_UISupportedInterfaceOrientations_iPad = "UIInterfaceOrientationPortrait UIInterfaceOrientationPortraitUpsideDown UIInterfaceOrientationLandscapeLeft UIInterfaceOrientationLandscapeRight";
				INFOPLIST_KEY_UISupportedInterfaceOrientations_iPhone = "UIInterfaceOrientationPortrait UIInterfaceOrientationLandscapeLeft UIInterfaceOrientationLandscapeRight";
				LD_RUNPATH_SEARCH_PATHS = (
					"$(inherited)",
					"@executable_path/Frameworks",
				);
				MARKETING_VERSION = 1.0;
				PRODUCT_BUNDLE_IDENTIFIER = testing13249;
				PRODUCT_NAME = "$(TARGET_NAME)";
				SWIFT_EMIT_LOC_STRINGS = YES;
				SWIFT_VERSION = 5.0;
				TARGETED_DEVICE_FAMILY = "1,2";
			};
			name = Debug;
		};
		498A885A2C0EF2E100C0B582 /* Release */ = {
			isa = XCBuildConfiguration;
			baseConfigurationReference = 7767FA0E198557900A881353 /* Pods-AudioARMindfulness2.release.xcconfig */;
			buildSettings = {
				ASSETCATALOG_COMPILER_APPICON_NAME = AppIcon;
				ASSETCATALOG_COMPILER_GLOBAL_ACCENT_COLOR_NAME = AccentColor;
				CODE_SIGN_STYLE = Automatic;
				CURRENT_PROJECT_VERSION = 1;
				DEVELOPMENT_TEAM = MK9S3FS4ZQ;
				GENERATE_INFOPLIST_FILE = YES;
				INFOPLIST_FILE = AudioARMindfulness2/Info.plist;
				INFOPLIST_KEY_NSMicrophoneUsageDescription = "We need access to the microphone to capture and play audio in real time.";
				INFOPLIST_KEY_UIApplicationSupportsIndirectInputEvents = YES;
				INFOPLIST_KEY_UILaunchStoryboardName = LaunchScreen;
				INFOPLIST_KEY_UIMainStoryboardFile = Main;
				INFOPLIST_KEY_UISupportedInterfaceOrientations_iPad = "UIInterfaceOrientationPortrait UIInterfaceOrientationPortraitUpsideDown UIInterfaceOrientationLandscapeLeft UIInterfaceOrientationLandscapeRight";
				INFOPLIST_KEY_UISupportedInterfaceOrientations_iPhone = "UIInterfaceOrientationPortrait UIInterfaceOrientationLandscapeLeft UIInterfaceOrientationLandscapeRight";
				LD_RUNPATH_SEARCH_PATHS = (
					"$(inherited)",
					"@executable_path/Frameworks",
				);
				MARKETING_VERSION = 1.0;
				PRODUCT_BUNDLE_IDENTIFIER = testing13249;
				PRODUCT_NAME = "$(TARGET_NAME)";
				SWIFT_EMIT_LOC_STRINGS = YES;
				SWIFT_VERSION = 5.0;
				TARGETED_DEVICE_FAMILY = "1,2";
			};
			name = Release;
		};
/* End XCBuildConfiguration section */

/* Begin XCConfigurationList section */
		498A883F2C0EF2E000C0B582 /* Build configuration list for PBXProject "AudioARMindfulness2" */ = {
			isa = XCConfigurationList;
			buildConfigurations = (
				498A88562C0EF2E100C0B582 /* Debug */,
				498A88572C0EF2E100C0B582 /* Release */,
			);
			defaultConfigurationIsVisible = 0;
			defaultConfigurationName = Release;
		};
		498A88582C0EF2E100C0B582 /* Build configuration list for PBXNativeTarget "AudioARMindfulness2" */ = {
			isa = XCConfigurationList;
			buildConfigurations = (
				498A88592C0EF2E100C0B582 /* Debug */,
				498A885A2C0EF2E100C0B582 /* Release */,
			);
			defaultConfigurationIsVisible = 0;
			defaultConfigurationName = Release;
		};
/* End XCConfigurationList section */

/* Begin XCRemoteSwiftPackageReference section */
		291270372CE04ABB00C464E9 /* XCRemoteSwiftPackageReference "AudioKit" */ = {
			isa = XCRemoteSwiftPackageReference;
			repositoryURL = "https://github.com/AudioKit/AudioKit";
			requirement = {
				kind = upToNextMajorVersion;
				minimumVersion = 5.6.4;
			};
		};
/* End XCRemoteSwiftPackageReference section */

/* Begin XCSwiftPackageProductDependency section */
		291270382CE04ABB00C464E9 /* AudioKit */ = {
			isa = XCSwiftPackageProductDependency;
			package = 291270372CE04ABB00C464E9 /* XCRemoteSwiftPackageReference "AudioKit" */;
			productName = AudioKit;
		};
/* End XCSwiftPackageProductDependency section */
	};
	rootObject = 498A883C2C0EF2E000C0B582 /* Project object */;
}
